// !$*UTF8*$!
{
	archiveVersion = 1;
	classes = {
	};
	objectVersion = 46;
	objects = {

/* Begin PBXBuildFile section */
		5AFF961F1CD118C000DD485B /* AppDelegate.swift in Sources */ = {isa = PBXBuildFile; fileRef = 5AFF961E1CD118C000DD485B /* AppDelegate.swift */; };
		5AFF96211CD118C000DD485B /* PhotoStreamViewController.swift in Sources */ = {isa = PBXBuildFile; fileRef = 5AFF96201CD118C000DD485B /* PhotoStreamViewController.swift */; };
		5AFF96241CD118C000DD485B /* Main.storyboard in Resources */ = {isa = PBXBuildFile; fileRef = 5AFF96221CD118C000DD485B /* Main.storyboard */; };
		5AFF96261CD118C000DD485B /* Assets.xcassets in Resources */ = {isa = PBXBuildFile; fileRef = 5AFF96251CD118C000DD485B /* Assets.xcassets */; };
		5AFF96291CD118C000DD485B /* LaunchScreen.storyboard in Resources */ = {isa = PBXBuildFile; fileRef = 5AFF96271CD118C000DD485B /* LaunchScreen.storyboard */; };
		5AFF96341CD118C000DD485B /* PhotoStreamTests.swift in Sources */ = {isa = PBXBuildFile; fileRef = 5AFF96331CD118C000DD485B /* PhotoStreamTests.swift */; };
		5AFF963F1CD119CF00DD485B /* UIKIt+Extensions.swift in Sources */ = {isa = PBXBuildFile; fileRef = 5AFF963E1CD119CF00DD485B /* UIKIt+Extensions.swift */; };
		5AFF96411CD11BB000DD485B /* PersistentModels.swift in Sources */ = {isa = PBXBuildFile; fileRef = 5AFF96401CD11BB000DD485B /* PersistentModels.swift */; };
		5AFF96441CD11CB200DD485B /* PhotoStreamCell.swift in Sources */ = {isa = PBXBuildFile; fileRef = 5AFF96421CD11CB200DD485B /* PhotoStreamCell.swift */; };
		5AFF96451CD11CB200DD485B /* PhotoStreamCell.xib in Resources */ = {isa = PBXBuildFile; fileRef = 5AFF96431CD11CB200DD485B /* PhotoStreamCell.xib */; };
		5AFF96471CD11E1300DD485B /* PhotoStreamDataSource.swift in Sources */ = {isa = PBXBuildFile; fileRef = 5AFF96461CD11E1300DD485B /* PhotoStreamDataSource.swift */; };
		5AFF96491CD11E7400DD485B /* BackgroundOperation.swift in Sources */ = {isa = PBXBuildFile; fileRef = 5AFF96481CD11E7400DD485B /* BackgroundOperation.swift */; };
		5AFF964B1CD11EA700DD485B /* Queueable.swift in Sources */ = {isa = PBXBuildFile; fileRef = 5AFF964A1CD11EA700DD485B /* Queueable.swift */; };
		5AFF96CC1CD11FFE00DD485B /* NSURLSession+Sync.swift in Sources */ = {isa = PBXBuildFile; fileRef = 5AFF96CB1CD11FFE00DD485B /* NSURLSession+Sync.swift */; };
		5AFF96CE1CD1246E00DD485B /* LoadPhotoStreamOperation.swift in Sources */ = {isa = PBXBuildFile; fileRef = 5AFF96CD1CD1246E00DD485B /* LoadPhotoStreamOperation.swift */; };
		5AFF97161CD1254A00DD485B /* FBKVOController.m in Sources */ = {isa = PBXBuildFile; fileRef = 5AFF96DC1CD1254A00DD485B /* FBKVOController.m */; };
		5AFF972B1CD1254A00DD485B /* SwiftyJSON.swift in Sources */ = {isa = PBXBuildFile; fileRef = 5AFF96FE1CD1254A00DD485B /* SwiftyJSON.swift */; };
		5AFF97581CD1313400DD485B /* CoreDataManager.swift in Sources */ = {isa = PBXBuildFile; fileRef = 5AFF97571CD1313400DD485B /* CoreDataManager.swift */; };
		5AFF975A1CD1321600DD485B /* ApplicationPersistentStore.swift in Sources */ = {isa = PBXBuildFile; fileRef = 5AFF97591CD1321600DD485B /* ApplicationPersistentStore.swift */; };
		5AFF975C1CD1322E00DD485B /* PersistentStoreType.swift in Sources */ = {isa = PBXBuildFile; fileRef = 5AFF975B1CD1322E00DD485B /* PersistentStoreType.swift */; };
		5AFF975F1CD1328D00DD485B /* Application.xcdatamodeld in Sources */ = {isa = PBXBuildFile; fileRef = 5AFF975D1CD1328D00DD485B /* Application.xcdatamodeld */; };
		5AFF97621CD133B100DD485B /* NetworkPayloads.swift in Sources */ = {isa = PBXBuildFile; fileRef = 5AFF97611CD133B100DD485B /* NetworkPayloads.swift */; };
		5AFF97641CD133C700DD485B /* NetworkConfig.swift in Sources */ = {isa = PBXBuildFile; fileRef = 5AFF97631CD133C700DD485B /* NetworkConfig.swift */; };
		5AFF97661CD1347700DD485B /* NSManagedObjectContext+Perform.swift in Sources */ = {isa = PBXBuildFile; fileRef = 5AFF97651CD1347700DD485B /* NSManagedObjectContext+Perform.swift */; };
/* End PBXBuildFile section */

/* Begin PBXContainerItemProxy section */
		5AFF96301CD118C000DD485B /* PBXContainerItemProxy */ = {
			isa = PBXContainerItemProxy;
			containerPortal = 5AFF96131CD118C000DD485B /* Project object */;
			proxyType = 1;
			remoteGlobalIDString = 5AFF961A1CD118C000DD485B;
			remoteInfo = PhotoStream;
		};
/* End PBXContainerItemProxy section */

/* Begin PBXFileReference section */
		5AFF961B1CD118C000DD485B /* PhotoStream.app */ = {isa = PBXFileReference; explicitFileType = wrapper.application; includeInIndex = 0; path = PhotoStream.app; sourceTree = BUILT_PRODUCTS_DIR; };
		5AFF961E1CD118C000DD485B /* AppDelegate.swift */ = {isa = PBXFileReference; lastKnownFileType = sourcecode.swift; path = AppDelegate.swift; sourceTree = "<group>"; };
		5AFF96201CD118C000DD485B /* PhotoStreamViewController.swift */ = {isa = PBXFileReference; lastKnownFileType = sourcecode.swift; path = PhotoStreamViewController.swift; sourceTree = "<group>"; };
		5AFF96231CD118C000DD485B /* Base */ = {isa = PBXFileReference; lastKnownFileType = file.storyboard; name = Base; path = Base.lproj/Main.storyboard; sourceTree = "<group>"; };
		5AFF96251CD118C000DD485B /* Assets.xcassets */ = {isa = PBXFileReference; lastKnownFileType = folder.assetcatalog; path = Assets.xcassets; sourceTree = "<group>"; };
		5AFF96281CD118C000DD485B /* Base */ = {isa = PBXFileReference; lastKnownFileType = file.storyboard; name = Base; path = Base.lproj/LaunchScreen.storyboard; sourceTree = "<group>"; };
		5AFF962A1CD118C000DD485B /* Info.plist */ = {isa = PBXFileReference; lastKnownFileType = text.plist.xml; path = Info.plist; sourceTree = "<group>"; };
		5AFF962F1CD118C000DD485B /* PhotoStreamTests.xctest */ = {isa = PBXFileReference; explicitFileType = wrapper.cfbundle; includeInIndex = 0; path = PhotoStreamTests.xctest; sourceTree = BUILT_PRODUCTS_DIR; };
		5AFF96331CD118C000DD485B /* PhotoStreamTests.swift */ = {isa = PBXFileReference; lastKnownFileType = sourcecode.swift; path = PhotoStreamTests.swift; sourceTree = "<group>"; };
		5AFF96351CD118C000DD485B /* Info.plist */ = {isa = PBXFileReference; lastKnownFileType = text.plist.xml; path = Info.plist; sourceTree = "<group>"; };
		5AFF963E1CD119CF00DD485B /* UIKIt+Extensions.swift */ = {isa = PBXFileReference; fileEncoding = 4; lastKnownFileType = sourcecode.swift; path = "UIKIt+Extensions.swift"; sourceTree = "<group>"; };
		5AFF96401CD11BB000DD485B /* PersistentModels.swift */ = {isa = PBXFileReference; fileEncoding = 4; lastKnownFileType = sourcecode.swift; path = PersistentModels.swift; sourceTree = "<group>"; };
		5AFF96421CD11CB200DD485B /* PhotoStreamCell.swift */ = {isa = PBXFileReference; fileEncoding = 4; lastKnownFileType = sourcecode.swift; path = PhotoStreamCell.swift; sourceTree = "<group>"; };
		5AFF96431CD11CB200DD485B /* PhotoStreamCell.xib */ = {isa = PBXFileReference; fileEncoding = 4; lastKnownFileType = file.xib; path = PhotoStreamCell.xib; sourceTree = "<group>"; };
		5AFF96461CD11E1300DD485B /* PhotoStreamDataSource.swift */ = {isa = PBXFileReference; fileEncoding = 4; lastKnownFileType = sourcecode.swift; path = PhotoStreamDataSource.swift; sourceTree = "<group>"; };
		5AFF96481CD11E7400DD485B /* BackgroundOperation.swift */ = {isa = PBXFileReference; fileEncoding = 4; lastKnownFileType = sourcecode.swift; path = BackgroundOperation.swift; sourceTree = "<group>"; };
		5AFF964A1CD11EA700DD485B /* Queueable.swift */ = {isa = PBXFileReference; fileEncoding = 4; lastKnownFileType = sourcecode.swift; path = Queueable.swift; sourceTree = "<group>"; };
		5AFF96CB1CD11FFE00DD485B /* NSURLSession+Sync.swift */ = {isa = PBXFileReference; fileEncoding = 4; lastKnownFileType = sourcecode.swift; path = "NSURLSession+Sync.swift"; sourceTree = "<group>"; };
		5AFF96CD1CD1246E00DD485B /* LoadPhotoStreamOperation.swift */ = {isa = PBXFileReference; fileEncoding = 4; lastKnownFileType = sourcecode.swift; path = LoadPhotoStreamOperation.swift; sourceTree = "<group>"; };
		5AFF96DB1CD1254A00DD485B /* FBKVOController.h */ = {isa = PBXFileReference; fileEncoding = 4; lastKnownFileType = sourcecode.c.h; path = FBKVOController.h; sourceTree = "<group>"; };
		5AFF96DC1CD1254A00DD485B /* FBKVOController.m */ = {isa = PBXFileReference; fileEncoding = 4; lastKnownFileType = sourcecode.c.objc; path = FBKVOController.m; sourceTree = "<group>"; };
		5AFF96FD1CD1254A00DD485B /* SwiftyJSON.h */ = {isa = PBXFileReference; fileEncoding = 4; lastKnownFileType = sourcecode.c.h; path = SwiftyJSON.h; sourceTree = "<group>"; };
		5AFF96FE1CD1254A00DD485B /* SwiftyJSON.swift */ = {isa = PBXFileReference; fileEncoding = 4; lastKnownFileType = sourcecode.swift; path = SwiftyJSON.swift; sourceTree = "<group>"; };
		5AFF97571CD1313400DD485B /* CoreDataManager.swift */ = {isa = PBXFileReference; fileEncoding = 4; lastKnownFileType = sourcecode.swift; path = CoreDataManager.swift; sourceTree = "<group>"; };
		5AFF97591CD1321600DD485B /* ApplicationPersistentStore.swift */ = {isa = PBXFileReference; fileEncoding = 4; lastKnownFileType = sourcecode.swift; path = ApplicationPersistentStore.swift; sourceTree = "<group>"; };
		5AFF975B1CD1322E00DD485B /* PersistentStoreType.swift */ = {isa = PBXFileReference; fileEncoding = 4; lastKnownFileType = sourcecode.swift; path = PersistentStoreType.swift; sourceTree = "<group>"; };
		5AFF975E1CD1328D00DD485B /* Application.xcdatamodel */ = {isa = PBXFileReference; lastKnownFileType = wrapper.xcdatamodel; path = Application.xcdatamodel; sourceTree = "<group>"; };
		5AFF97601CD1329700DD485B /* 1.0.xcdatamodel */ = {isa = PBXFileReference; lastKnownFileType = wrapper.xcdatamodel; path = 1.0.xcdatamodel; sourceTree = "<group>"; };
		5AFF97611CD133B100DD485B /* NetworkPayloads.swift */ = {isa = PBXFileReference; fileEncoding = 4; lastKnownFileType = sourcecode.swift; path = NetworkPayloads.swift; sourceTree = "<group>"; };
		5AFF97631CD133C700DD485B /* NetworkConfig.swift */ = {isa = PBXFileReference; fileEncoding = 4; lastKnownFileType = sourcecode.swift; path = NetworkConfig.swift; sourceTree = "<group>"; };
		5AFF97651CD1347700DD485B /* NSManagedObjectContext+Perform.swift */ = {isa = PBXFileReference; fileEncoding = 4; lastKnownFileType = sourcecode.swift; path = "NSManagedObjectContext+Perform.swift"; sourceTree = "<group>"; };
/* End PBXFileReference section */

/* Begin PBXFrameworksBuildPhase section */
		5AFF96181CD118C000DD485B /* Frameworks */ = {
			isa = PBXFrameworksBuildPhase;
			buildActionMask = 2147483647;
			files = (
			);
			runOnlyForDeploymentPostprocessing = 0;
		};
		5AFF962C1CD118C000DD485B /* Frameworks */ = {
			isa = PBXFrameworksBuildPhase;
			buildActionMask = 2147483647;
			files = (
			);
			runOnlyForDeploymentPostprocessing = 0;
		};
/* End PBXFrameworksBuildPhase section */

/* Begin PBXGroup section */
		5AFF96121CD118C000DD485B = {
			isa = PBXGroup;
			children = (
				5AFF96D81CD1254A00DD485B /* ThirdParty */,
				5AFF961D1CD118C000DD485B /* PhotoStream */,
				5AFF96321CD118C000DD485B /* PhotoStreamTests */,
				5AFF961C1CD118C000DD485B /* Products */,
			);
			sourceTree = "<group>";
		};
		5AFF961C1CD118C000DD485B /* Products */ = {
			isa = PBXGroup;
			children = (
				5AFF961B1CD118C000DD485B /* PhotoStream.app */,
				5AFF962F1CD118C000DD485B /* PhotoStreamTests.xctest */,
			);
			name = Products;
			sourceTree = "<group>";
		};
		5AFF961D1CD118C000DD485B /* PhotoStream */ = {
			isa = PBXGroup;
			children = (
				5AFF961E1CD118C000DD485B /* AppDelegate.swift */,
				5AFF975D1CD1328D00DD485B /* Application.xcdatamodeld */,
				5AFF97591CD1321600DD485B /* ApplicationPersistentStore.swift */,
				5AFF96251CD118C000DD485B /* Assets.xcassets */,
				5AFF96481CD11E7400DD485B /* BackgroundOperation.swift */,
				5AFF97571CD1313400DD485B /* CoreDataManager.swift */,
				5AFF962A1CD118C000DD485B /* Info.plist */,
				5AFF96271CD118C000DD485B /* LaunchScreen.storyboard */,
				5AFF96CD1CD1246E00DD485B /* LoadPhotoStreamOperation.swift */,
				5AFF96221CD118C000DD485B /* Main.storyboard */,
				5AFF97631CD133C700DD485B /* NetworkConfig.swift */,
				5AFF97611CD133B100DD485B /* NetworkPayloads.swift */,
				5AFF97651CD1347700DD485B /* NSManagedObjectContext+Perform.swift */,
				5AFF96CB1CD11FFE00DD485B /* NSURLSession+Sync.swift */,
				5AFF96401CD11BB000DD485B /* PersistentModels.swift */,
				5AFF975B1CD1322E00DD485B /* PersistentStoreType.swift */,
				5AFF96421CD11CB200DD485B /* PhotoStreamCell.swift */,
				5AFF96431CD11CB200DD485B /* PhotoStreamCell.xib */,
				5AFF96461CD11E1300DD485B /* PhotoStreamDataSource.swift */,
				5AFF96201CD118C000DD485B /* PhotoStreamViewController.swift */,
				5AFF964A1CD11EA700DD485B /* Queueable.swift */,
				5AFF963E1CD119CF00DD485B /* UIKIt+Extensions.swift */,
			);
			path = PhotoStream;
			sourceTree = "<group>";
		};
		5AFF96321CD118C000DD485B /* PhotoStreamTests */ = {
			isa = PBXGroup;
			children = (
				5AFF96331CD118C000DD485B /* PhotoStreamTests.swift */,
				5AFF96351CD118C000DD485B /* Info.plist */,
			);
			path = PhotoStreamTests;
			sourceTree = "<group>";
		};
		5AFF96D81CD1254A00DD485B /* ThirdParty */ = {
			isa = PBXGroup;
			children = (
				5AFF96D91CD1254A00DD485B /* KVOController */,
				5AFF96DF1CD1254A00DD485B /* SwiftyJSON */,
			);
			path = ThirdParty;
			sourceTree = "<group>";
		};
		5AFF96D91CD1254A00DD485B /* KVOController */ = {
			isa = PBXGroup;
			children = (
				5AFF96DA1CD1254A00DD485B /* FBKVOController */,
			);
			path = KVOController;
			sourceTree = "<group>";
		};
		5AFF96DA1CD1254A00DD485B /* FBKVOController */ = {
			isa = PBXGroup;
			children = (
				5AFF96DB1CD1254A00DD485B /* FBKVOController.h */,
				5AFF96DC1CD1254A00DD485B /* FBKVOController.m */,
			);
			path = FBKVOController;
			sourceTree = "<group>";
		};
		5AFF96DF1CD1254A00DD485B /* SwiftyJSON */ = {
			isa = PBXGroup;
			children = (
				5AFF96F81CD1254A00DD485B /* Source */,
			);
			path = SwiftyJSON;
			sourceTree = "<group>";
		};
		5AFF96F81CD1254A00DD485B /* Source */ = {
			isa = PBXGroup;
			children = (
				5AFF96FD1CD1254A00DD485B /* SwiftyJSON.h */,
				5AFF96FE1CD1254A00DD485B /* SwiftyJSON.swift */,
			);
			path = Source;
			sourceTree = "<group>";
		};
/* End PBXGroup section */

/* Begin PBXNativeTarget section */
		5AFF961A1CD118C000DD485B /* PhotoStream */ = {
			isa = PBXNativeTarget;
			buildConfigurationList = 5AFF96381CD118C000DD485B /* Build configuration list for PBXNativeTarget "PhotoStream" */;
			buildPhases = (
				5AFF96171CD118C000DD485B /* Sources */,
				5AFF96181CD118C000DD485B /* Frameworks */,
				5AFF96191CD118C000DD485B /* Resources */,
			);
			buildRules = (
			);
			dependencies = (
			);
			name = PhotoStream;
			productName = PhotoStream;
			productReference = 5AFF961B1CD118C000DD485B /* PhotoStream.app */;
			productType = "com.apple.product-type.application";
		};
		5AFF962E1CD118C000DD485B /* PhotoStreamTests */ = {
			isa = PBXNativeTarget;
			buildConfigurationList = 5AFF963B1CD118C000DD485B /* Build configuration list for PBXNativeTarget "PhotoStreamTests" */;
			buildPhases = (
				5AFF962B1CD118C000DD485B /* Sources */,
				5AFF962C1CD118C000DD485B /* Frameworks */,
				5AFF962D1CD118C000DD485B /* Resources */,
			);
			buildRules = (
			);
			dependencies = (
				5AFF96311CD118C000DD485B /* PBXTargetDependency */,
			);
			name = PhotoStreamTests;
			productName = PhotoStreamTests;
			productReference = 5AFF962F1CD118C000DD485B /* PhotoStreamTests.xctest */;
			productType = "com.apple.product-type.bundle.unit-test";
		};
/* End PBXNativeTarget section */

/* Begin PBXProject section */
		5AFF96131CD118C000DD485B /* Project object */ = {
			isa = PBXProject;
			attributes = {
				LastSwiftUpdateCheck = 0730;
				LastUpgradeCheck = 0730;
				ORGANIZATIONNAME = lynchdev;
				TargetAttributes = {
					5AFF961A1CD118C000DD485B = {
						CreatedOnToolsVersion = 7.3;
					};
					5AFF962E1CD118C000DD485B = {
						CreatedOnToolsVersion = 7.3;
						TestTargetID = 5AFF961A1CD118C000DD485B;
					};
				};
			};
			buildConfigurationList = 5AFF96161CD118C000DD485B /* Build configuration list for PBXProject "PhotoStream" */;
			compatibilityVersion = "Xcode 3.2";
			developmentRegion = English;
			hasScannedForEncodings = 0;
			knownRegions = (
				en,
				Base,
			);
			mainGroup = 5AFF96121CD118C000DD485B;
			productRefGroup = 5AFF961C1CD118C000DD485B /* Products */;
			projectDirPath = "";
			projectRoot = "";
			targets = (
				5AFF961A1CD118C000DD485B /* PhotoStream */,
				5AFF962E1CD118C000DD485B /* PhotoStreamTests */,
			);
		};
/* End PBXProject section */

/* Begin PBXResourcesBuildPhase section */
		5AFF96191CD118C000DD485B /* Resources */ = {
			isa = PBXResourcesBuildPhase;
			buildActionMask = 2147483647;
			files = (
				5AFF96291CD118C000DD485B /* LaunchScreen.storyboard in Resources */,
				5AFF96261CD118C000DD485B /* Assets.xcassets in Resources */,
				5AFF96451CD11CB200DD485B /* PhotoStreamCell.xib in Resources */,
				5AFF96241CD118C000DD485B /* Main.storyboard in Resources */,
			);
			runOnlyForDeploymentPostprocessing = 0;
		};
		5AFF962D1CD118C000DD485B /* Resources */ = {
			isa = PBXResourcesBuildPhase;
			buildActionMask = 2147483647;
			files = (
			);
			runOnlyForDeploymentPostprocessing = 0;
		};
/* End PBXResourcesBuildPhase section */

/* Begin PBXSourcesBuildPhase section */
		5AFF96171CD118C000DD485B /* Sources */ = {
			isa = PBXSourcesBuildPhase;
			buildActionMask = 2147483647;
			files = (
				5AFF96211CD118C000DD485B /* PhotoStreamViewController.swift in Sources */,
				5AFF963F1CD119CF00DD485B /* UIKIt+Extensions.swift in Sources */,
				5AFF961F1CD118C000DD485B /* AppDelegate.swift in Sources */,
				5AFF964B1CD11EA700DD485B /* Queueable.swift in Sources */,
				5AFF975F1CD1328D00DD485B /* Application.xcdatamodeld in Sources */,
				5AFF97621CD133B100DD485B /* NetworkPayloads.swift in Sources */,
				5AFF975C1CD1322E00DD485B /* PersistentStoreType.swift in Sources */,
				5AFF97661CD1347700DD485B /* NSManagedObjectContext+Perform.swift in Sources */,
				5AFF96411CD11BB000DD485B /* PersistentModels.swift in Sources */,
				5AFF97641CD133C700DD485B /* NetworkConfig.swift in Sources */,
				5AFF96491CD11E7400DD485B /* BackgroundOperation.swift in Sources */,
				5AFF96CE1CD1246E00DD485B /* LoadPhotoStreamOperation.swift in Sources */,
				5AFF97581CD1313400DD485B /* CoreDataManager.swift in Sources */,
				5AFF975A1CD1321600DD485B /* ApplicationPersistentStore.swift in Sources */,
				5AFF96441CD11CB200DD485B /* PhotoStreamCell.swift in Sources */,
				5AFF97161CD1254A00DD485B /* FBKVOController.m in Sources */,
				5AFF972B1CD1254A00DD485B /* SwiftyJSON.swift in Sources */,
				5AFF96CC1CD11FFE00DD485B /* NSURLSession+Sync.swift in Sources */,
				5AFF96471CD11E1300DD485B /* PhotoStreamDataSource.swift in Sources */,
			);
			runOnlyForDeploymentPostprocessing = 0;
		};
		5AFF962B1CD118C000DD485B /* Sources */ = {
			isa = PBXSourcesBuildPhase;
			buildActionMask = 2147483647;
			files = (
				5AFF96341CD118C000DD485B /* PhotoStreamTests.swift in Sources */,
			);
			runOnlyForDeploymentPostprocessing = 0;
		};
/* End PBXSourcesBuildPhase section */

/* Begin PBXTargetDependency section */
		5AFF96311CD118C000DD485B /* PBXTargetDependency */ = {
			isa = PBXTargetDependency;
			target = 5AFF961A1CD118C000DD485B /* PhotoStream */;
			targetProxy = 5AFF96301CD118C000DD485B /* PBXContainerItemProxy */;
		};
/* End PBXTargetDependency section */

/* Begin PBXVariantGroup section */
		5AFF96221CD118C000DD485B /* Main.storyboard */ = {
			isa = PBXVariantGroup;
			children = (
				5AFF96231CD118C000DD485B /* Base */,
			);
			name = Main.storyboard;
			sourceTree = "<group>";
		};
		5AFF96271CD118C000DD485B /* LaunchScreen.storyboard */ = {
			isa = PBXVariantGroup;
			children = (
				5AFF96281CD118C000DD485B /* Base */,
			);
			name = LaunchScreen.storyboard;
			sourceTree = "<group>";
		};
/* End PBXVariantGroup section */

/* Begin XCBuildConfiguration section */
		5AFF96361CD118C000DD485B /* Debug */ = {
			isa = XCBuildConfiguration;
			buildSettings = {
				ALWAYS_SEARCH_USER_PATHS = NO;
				CLANG_ANALYZER_NONNULL = YES;
				CLANG_CXX_LANGUAGE_STANDARD = "gnu++0x";
				CLANG_CXX_LIBRARY = "libc++";
				CLANG_ENABLE_MODULES = YES;
				CLANG_ENABLE_OBJC_ARC = YES;
				CLANG_WARN_BOOL_CONVERSION = YES;
				CLANG_WARN_CONSTANT_CONVERSION = YES;
				CLANG_WARN_DIRECT_OBJC_ISA_USAGE = YES_ERROR;
				CLANG_WARN_EMPTY_BODY = YES;
				CLANG_WARN_ENUM_CONVERSION = YES;
				CLANG_WARN_INT_CONVERSION = YES;
				CLANG_WARN_OBJC_ROOT_CLASS = YES_ERROR;
				CLANG_WARN_UNREACHABLE_CODE = YES;
				CLANG_WARN__DUPLICATE_METHOD_MATCH = YES;
				"CODE_SIGN_IDENTITY[sdk=iphoneos*]" = "iPhone Developer";
				COPY_PHASE_STRIP = NO;
				DEBUG_INFORMATION_FORMAT = dwarf;
				ENABLE_STRICT_OBJC_MSGSEND = YES;
				ENABLE_TESTABILITY = YES;
				GCC_C_LANGUAGE_STANDARD = gnu99;
				GCC_DYNAMIC_NO_PIC = NO;
				GCC_NO_COMMON_BLOCKS = YES;
				GCC_OPTIMIZATION_LEVEL = 0;
				GCC_PREPROCESSOR_DEFINITIONS = (
					"DEBUG=1",
					"$(inherited)",
				);
				GCC_WARN_64_TO_32_BIT_CONVERSION = YES;
				GCC_WARN_ABOUT_RETURN_TYPE = YES_ERROR;
				GCC_WARN_UNDECLARED_SELECTOR = YES;
				GCC_WARN_UNINITIALIZED_AUTOS = YES_AGGRESSIVE;
				GCC_WARN_UNUSED_FUNCTION = YES;
				GCC_WARN_UNUSED_VARIABLE = YES;
				IPHONEOS_DEPLOYMENT_TARGET = 9.3;
				MTL_ENABLE_DEBUG_INFO = YES;
				ONLY_ACTIVE_ARCH = YES;
				SDKROOT = iphoneos;
				SWIFT_OPTIMIZATION_LEVEL = "-Onone";
				TARGETED_DEVICE_FAMILY = "1,2";
			};
			name = Debug;
		};
		5AFF96371CD118C000DD485B /* Release */ = {
			isa = XCBuildConfiguration;
			buildSettings = {
				ALWAYS_SEARCH_USER_PATHS = NO;
				CLANG_ANALYZER_NONNULL = YES;
				CLANG_CXX_LANGUAGE_STANDARD = "gnu++0x";
				CLANG_CXX_LIBRARY = "libc++";
				CLANG_ENABLE_MODULES = YES;
				CLANG_ENABLE_OBJC_ARC = YES;
				CLANG_WARN_BOOL_CONVERSION = YES;
				CLANG_WARN_CONSTANT_CONVERSION = YES;
				CLANG_WARN_DIRECT_OBJC_ISA_USAGE = YES_ERROR;
				CLANG_WARN_EMPTY_BODY = YES;
				CLANG_WARN_ENUM_CONVERSION = YES;
				CLANG_WARN_INT_CONVERSION = YES;
				CLANG_WARN_OBJC_ROOT_CLASS = YES_ERROR;
				CLANG_WARN_UNREACHABLE_CODE = YES;
				CLANG_WARN__DUPLICATE_METHOD_MATCH = YES;
				"CODE_SIGN_IDENTITY[sdk=iphoneos*]" = "iPhone Developer";
				COPY_PHASE_STRIP = NO;
				DEBUG_INFORMATION_FORMAT = "dwarf-with-dsym";
				ENABLE_NS_ASSERTIONS = NO;
				ENABLE_STRICT_OBJC_MSGSEND = YES;
				GCC_C_LANGUAGE_STANDARD = gnu99;
				GCC_NO_COMMON_BLOCKS = YES;
				GCC_WARN_64_TO_32_BIT_CONVERSION = YES;
				GCC_WARN_ABOUT_RETURN_TYPE = YES_ERROR;
				GCC_WARN_UNDECLARED_SELECTOR = YES;
				GCC_WARN_UNINITIALIZED_AUTOS = YES_AGGRESSIVE;
				GCC_WARN_UNUSED_FUNCTION = YES;
				GCC_WARN_UNUSED_VARIABLE = YES;
				IPHONEOS_DEPLOYMENT_TARGET = 9.3;
				MTL_ENABLE_DEBUG_INFO = NO;
				SDKROOT = iphoneos;
				TARGETED_DEVICE_FAMILY = "1,2";
				VALIDATE_PRODUCT = YES;
			};
			name = Release;
		};
		5AFF96391CD118C000DD485B /* Debug */ = {
			isa = XCBuildConfiguration;
			buildSettings = {
				ASSETCATALOG_COMPILER_APPICON_NAME = AppIcon;
				INFOPLIST_FILE = PhotoStream/Info.plist;
				LD_RUNPATH_SEARCH_PATHS = "$(inherited) @executable_path/Frameworks";
				PRODUCT_BUNDLE_IDENTIFIER = com.lynchdev.PhotoStream;
				PRODUCT_NAME = "$(TARGET_NAME)";
			};
			name = Debug;
		};
		5AFF963A1CD118C000DD485B /* Release */ = {
			isa = XCBuildConfiguration;
			buildSettings = {
				ASSETCATALOG_COMPILER_APPICON_NAME = AppIcon;
				INFOPLIST_FILE = PhotoStream/Info.plist;
				LD_RUNPATH_SEARCH_PATHS = "$(inherited) @executable_path/Frameworks";
				PRODUCT_BUNDLE_IDENTIFIER = com.lynchdev.PhotoStream;
				PRODUCT_NAME = "$(TARGET_NAME)";
			};
			name = Release;
		};
		5AFF963C1CD118C000DD485B /* Debug */ = {
			isa = XCBuildConfiguration;
			buildSettings = {
				BUNDLE_LOADER = "$(TEST_HOST)";
				INFOPLIST_FILE = PhotoStreamTests/Info.plist;
				LD_RUNPATH_SEARCH_PATHS = "$(inherited) @executable_path/Frameworks @loader_path/Frameworks";
				PRODUCT_BUNDLE_IDENTIFIER = com.lynchdev.PhotoStreamTests;
				PRODUCT_NAME = "$(TARGET_NAME)";
				TEST_HOST = "$(BUILT_PRODUCTS_DIR)/PhotoStream.app/PhotoStream";
			};
			name = Debug;
		};
		5AFF963D1CD118C000DD485B /* Release */ = {
			isa = XCBuildConfiguration;
			buildSettings = {
				BUNDLE_LOADER = "$(TEST_HOST)";
				INFOPLIST_FILE = PhotoStreamTests/Info.plist;
				LD_RUNPATH_SEARCH_PATHS = "$(inherited) @executable_path/Frameworks @loader_path/Frameworks";
				PRODUCT_BUNDLE_IDENTIFIER = com.lynchdev.PhotoStreamTests;
				PRODUCT_NAME = "$(TARGET_NAME)";
				TEST_HOST = "$(BUILT_PRODUCTS_DIR)/PhotoStream.app/PhotoStream";
			};
			name = Release;
		};
/* End XCBuildConfiguration section */

/* Begin XCConfigurationList section */
		5AFF96161CD118C000DD485B /* Build configuration list for PBXProject "PhotoStream" */ = {
			isa = XCConfigurationList;
			buildConfigurations = (
				5AFF96361CD118C000DD485B /* Debug */,
				5AFF96371CD118C000DD485B /* Release */,
			);
			defaultConfigurationIsVisible = 0;
			defaultConfigurationName = Release;
		};
		5AFF96381CD118C000DD485B /* Build configuration list for PBXNativeTarget "PhotoStream" */ = {
			isa = XCConfigurationList;
			buildConfigurations = (
				5AFF96391CD118C000DD485B /* Debug */,
				5AFF963A1CD118C000DD485B /* Release */,
			);
			defaultConfigurationIsVisible = 0;
		};
		5AFF963B1CD118C000DD485B /* Build configuration list for PBXNativeTarget "PhotoStreamTests" */ = {
			isa = XCConfigurationList;
			buildConfigurations = (
				5AFF963C1CD118C000DD485B /* Debug */,
				5AFF963D1CD118C000DD485B /* Release */,
			);
			defaultConfigurationIsVisible = 0;
		};
/* End XCConfigurationList section */

/* Begin XCVersionGroup section */
		5AFF975D1CD1328D00DD485B /* Application.xcdatamodeld */ = {
			isa = XCVersionGroup;
			children = (
				5AFF97601CD1329700DD485B /* 1.0.xcdatamodel */,
				5AFF975E1CD1328D00DD485B /* Application.xcdatamodel */,
			);
			currentVersion = 5AFF97601CD1329700DD485B /* 1.0.xcdatamodel */;
			path = Application.xcdatamodeld;
			sourceTree = "<group>";
			versionGroupType = wrapper.xcdatamodel;
		};
/* End XCVersionGroup section */
	};
	rootObject = 5AFF96131CD118C000DD485B /* Project object */;
}
